{
  "nodes": {
    "flake-utils": {
      "locked": {
        "lastModified": 1614513358,
        "narHash": "sha256-LakhOx3S1dRjnh0b5Dg3mbZyH0ToC9I8Y2wKSkBaTzU=",
        "owner": "numtide",
        "repo": "flake-utils",
        "rev": "5466c5bbece17adaab2d82fae80b46e807611bf3",
        "type": "github"
      },
      "original": {
        "owner": "numtide",
        "ref": "master",
        "repo": "flake-utils",
        "type": "github"
      }
    },
    "nixpkgs": {
      "locked": {
        "lastModified": 1616259034,
        "narHash": "sha256-WlMIiGIXJm7J+jemzd+ksoun6znWmabCZNz76szV158=",
        "owner": "nixos",
        "repo": "nixpkgs",
        "rev": "4e0d3868c679da20108db402785f924daa1a7fb5",
        "type": "github"
      },
      "original": {
        "owner": "nixos",
        "ref": "nixpkgs-unstable",
        "repo": "nixpkgs",
        "type": "github"
      }
    },
    "qualified-imports-plugin": {
      "flake": false,
      "locked": {
        "lastModified": 1616316764,
        "narHash": "sha256-rmqEzqD75y3Xns785IHi2JPs+32Z9ahcAcFLsvOKvHw=",
        "owner": "utdemir",
        "repo": "qualified-imports-plugin",
        "rev": "83f9de9ba7b62798f65af2516cdb53ca0f9b0847",
        "type": "github"
      },
      "original": {
        "owner": "utdemir",
        "ref": "main",
        "repo": "qualified-imports-plugin",
        "type": "github"
      }
    },
    "root": {
      "inputs": {
        "flake-utils": "flake-utils",
        "nixpkgs": "nixpkgs",
        "qualified-imports-plugin": "qualified-imports-plugin"
      }
    }
  },
  "root": "root",
  "version": 7
}
